
Microsoft Visual Studio Solution File, Format Version 12.00
# Visual Studio 2012
Project("{FAE04EC0-301F-11D3-BF4B-00C04F79EFBC}") = "DataViewerApp", "DataViewer\DataViewerApp.csproj", "{BAAB2770-9BA9-4774-9C66-C8D38EA8A9B1}"
EndProject
Project("{FAE04EC0-301F-11D3-BF4B-00C04F79EFBC}") = "HealthSimulator", "HealthSimulator\HealthSimulator.csproj", "{F2180CDE-91F6-4DDD-B2FB-3C7CA20DA891}"
EndProject
Project("{FAE04EC0-301F-11D3-BF4B-00C04F79EFBC}") = "Tests", "Tests\Tests.csproj", "{63F4457D-0748-433E-A0C7-35AFEB24CAF6}"
EndProject
Global
	GlobalSection(SolutionConfigurationPlatforms) = preSolution
		Debug|Any CPU = Debug|Any CPU
		Release|Any CPU = Release|Any CPU
	EndGlobalSection
	GlobalSection(ProjectConfigurationPlatforms) = postSolution
		{BAAB2770-9BA9-4774-9C66-C8D38EA8A9B1}.Debug|Any CPU.ActiveCfg = Debug|Any CPU
		{BAAB2770-9BA9-4774-9C66-C8D38EA8A9B1}.Debug|Any CPU.Build.0 = Debug|Any CPU
		{BAAB2770-9BA9-4774-9C66-C8D38EA8A9B1}.Release|Any CPU.ActiveCfg = Release|Any CPU
		{BAAB2770-9BA9-4774-9C66-C8D38EA8A9B1}.Release|Any CPU.Build.0 = Release|Any CPU
		{F2180CDE-91F6-4DDD-B2FB-3C7CA20DA891}.Debug|Any CPU.ActiveCfg = Debug|Any CPU
		{F2180CDE-91F6-4DDD-B2FB-3C7CA20DA891}.Debug|Any CPU.Build.0 = Debug|Any CPU
		{F2180CDE-91F6-4DDD-B2FB-3C7CA20DA891}.Release|Any CPU.ActiveCfg = Release|Any CPU
		{F2180CDE-91F6-4DDD-B2FB-3C7CA20DA891}.Release|Any CPU.Build.0 = Release|Any CPU
		{63F4457D-0748-433E-A0C7-35AFEB24CAF6}.Debug|Any CPU.ActiveCfg = Debug|Any CPU
		{63F4457D-0748-433E-A0C7-35AFEB24CAF6}.Debug|Any CPU.Build.0 = Debug|Any CPU
		{63F4457D-0748-433E-A0C7-35AFEB24CAF6}.Release|Any CPU.ActiveCfg = Release|Any CPU
		{63F4457D-0748-433E-A0C7-35AFEB24CAF6}.Release|Any CPU.Build.0 = Release|Any CPU
	EndGlobalSection
	GlobalSection(SolutionProperties) = preSolution
		HideSolutionNode = FALSE
	EndGlobalSection
	GlobalSection(Performance) = preSolution
		HasPerformanceSessions = true
	EndGlobalSection
EndGlobal
